
Microsoft Visual Studio Solution File, Format Version 12.00
# Visual Studio Version 17
VisualStudioVersion = 17.2.32630.192
MinimumVisualStudioVersion = 10.0.40219.1
Project("{9A19103F-16F7-4668-BE54-9A1E7A4F7556}") = "PDFSharp.Extensions", "PDFSharp.Extensions.csproj", "{35910C2C-3D6D-4912-9584-4DE66C294729}"
EndProject
Global
	GlobalSection(SolutionConfigurationPlatforms) = preSolution
		Debug|Any CPU = Debug|Any CPU
		Release|Any CPU = Release|Any CPU
	EndGlobalSection
	GlobalSection(ProjectConfigurationPlatforms) = postSolution
		{35910C2C-3D6D-4912-9584-4DE66C294729}.Debug|Any CPU.ActiveCfg = Debug|Any CPU
		{35910C2C-3D6D-4912-9584-4DE66C294729}.Debug|Any CPU.Build.0 = Debug|Any CPU
		{35910C2C-3D6D-4912-9584-4DE66C294729}.Release|Any CPU.ActiveCfg = Release|Any CPU
		{35910C2C-3D6D-4912-9584-4DE66C294729}.Release|Any CPU.Build.0 = Release|Any CPU
	EndGlobalSection
	GlobalSection(SolutionProperties) = preSolution
		HideSolutionNode = FALSE
	EndGlobalSection
	GlobalSection(ExtensibilityGlobals) = postSolution
		SolutionGuid = {5699060C-9091-4B6D-B3B4-311259F29DA0}
	EndGlobalSection
EndGlobal
